
Microsoft Visual Studio Solution File, Format Version 12.00
# Visual Studio Version 16
VisualStudioVersion = 16.0.30907.101
MinimumVisualStudioVersion = 10.0.40219.1
Project("{FAE04EC0-301F-11D3-BF4B-00C04F79EFBC}") = "Converting-To-Black-And-White", "Converting-To-Black-And-White\Converting-To-Black-And-White.csproj", "{7A6AB531-787F-4C23-A13B-AE981492B469}"
EndProject
Global
	GlobalSection(SolutionConfigurationPlatforms) = preSolution
		Debug|Any CPU = Debug|Any CPU
		Release|Any CPU = Release|Any CPU
	EndGlobalSection
	GlobalSection(ProjectConfigurationPlatforms) = postSolution
		{7A6AB531-787F-4C23-A13B-AE981492B469}.Debug|Any CPU.ActiveCfg = Debug|Any CPU
		{7A6AB531-787F-4C23-A13B-AE981492B469}.Debug|Any CPU.Build.0 = Debug|Any CPU
		{7A6AB531-787F-4C23-A13B-AE981492B469}.Release|Any CPU.ActiveCfg = Release|Any CPU
		{7A6AB531-787F-4C23-A13B-AE981492B469}.Release|Any CPU.Build.0 = Release|Any CPU
	EndGlobalSection
	GlobalSection(SolutionProperties) = preSolution
		HideSolutionNode = FALSE
	EndGlobalSection
	GlobalSection(ExtensibilityGlobals) = postSolution
		SolutionGuid = {86EA5803-91EA-4A6D-AC34-4672CE4D369D}
	EndGlobalSection
EndGlobal
